
Microsoft Visual Studio Solution File, Format Version 12.00
# Visual Studio Version 17
VisualStudioVersion = 17.8.34408.163
MinimumVisualStudioVersion = 10.0.40219.1
Project("{FAE04EC0-301F-11D3-BF4B-00C04F79EFBC}") = "practise questions", "practise questions\practise questions.csproj", "{AFAB9354-578E-4FD6-931B-0E3C2E669D9E}"
EndProject
Global
	GlobalSection(SolutionConfigurationPlatforms) = preSolution
		Debug|Any CPU = Debug|Any CPU
		Release|Any CPU = Release|Any CPU
	EndGlobalSection
	GlobalSection(ProjectConfigurationPlatforms) = postSolution
		{AFAB9354-578E-4FD6-931B-0E3C2E669D9E}.Debug|Any CPU.ActiveCfg = Debug|Any CPU
		{AFAB9354-578E-4FD6-931B-0E3C2E669D9E}.Debug|Any CPU.Build.0 = Debug|Any CPU
		{AFAB9354-578E-4FD6-931B-0E3C2E669D9E}.Release|Any CPU.ActiveCfg = Release|Any CPU
		{AFAB9354-578E-4FD6-931B-0E3C2E669D9E}.Release|Any CPU.Build.0 = Release|Any CPU
	EndGlobalSection
	GlobalSection(SolutionProperties) = preSolution
		HideSolutionNode = FALSE
	EndGlobalSection
	GlobalSection(ExtensibilityGlobals) = postSolution
		SolutionGuid = {BFC40DD2-82A0-48DA-9017-29CA77B35658}
	EndGlobalSection
EndGlobal
